
Microsoft Visual Studio Solution File, Format Version 12.00
# Visual Studio Version 17
VisualStudioVersion = 17.9.34607.119
MinimumVisualStudioVersion = 10.0.40219.1
Project("{FAE04EC0-301F-11D3-BF4B-00C04F79EFBC}") = "kurabbb", "kurabbb\kurabbb.csproj", "{20FAB014-A841-452D-8259-FAE80D8B20DF}"
EndProject
Global
	GlobalSection(SolutionConfigurationPlatforms) = preSolution
		Debug|Any CPU = Debug|Any CPU
		Release|Any CPU = Release|Any CPU
	EndGlobalSection
	GlobalSection(ProjectConfigurationPlatforms) = postSolution
		{20FAB014-A841-452D-8259-FAE80D8B20DF}.Debug|Any CPU.ActiveCfg = Debug|Any CPU
		{20FAB014-A841-452D-8259-FAE80D8B20DF}.Debug|Any CPU.Build.0 = Debug|Any CPU
		{20FAB014-A841-452D-8259-FAE80D8B20DF}.Release|Any CPU.ActiveCfg = Release|Any CPU
		{20FAB014-A841-452D-8259-FAE80D8B20DF}.Release|Any CPU.Build.0 = Release|Any CPU
	EndGlobalSection
	GlobalSection(SolutionProperties) = preSolution
		HideSolutionNode = FALSE
	EndGlobalSection
	GlobalSection(ExtensibilityGlobals) = postSolution
		SolutionGuid = {82AF926F-2AA5-4DD2-80F5-8B944730F3AA}
	EndGlobalSection
EndGlobal
